
Microsoft Visual Studio Solution File, Format Version 12.00
# Visual Studio Version 16
VisualStudioVersion = 16.0.31624.102
MinimumVisualStudioVersion = 10.0.40219.1
Project("{FAE04EC0-301F-11D3-BF4B-00C04F79EFBC}") = "inaccalertvolunteers", "inaccalertvolunteers\inaccalertvolunteers.csproj", "{4F3F0857-A4B1-4E07-A27B-F2C575DDB6B9}"
EndProject
Global
	GlobalSection(SolutionConfigurationPlatforms) = preSolution
		Debug|Any CPU = Debug|Any CPU
		Release|Any CPU = Release|Any CPU
	EndGlobalSection
	GlobalSection(ProjectConfigurationPlatforms) = postSolution
		{4F3F0857-A4B1-4E07-A27B-F2C575DDB6B9}.Debug|Any CPU.ActiveCfg = Debug|Any CPU
		{4F3F0857-A4B1-4E07-A27B-F2C575DDB6B9}.Debug|Any CPU.Build.0 = Debug|Any CPU
		{4F3F0857-A4B1-4E07-A27B-F2C575DDB6B9}.Debug|Any CPU.Deploy.0 = Debug|Any CPU
		{4F3F0857-A4B1-4E07-A27B-F2C575DDB6B9}.Release|Any CPU.ActiveCfg = Release|Any CPU
		{4F3F0857-A4B1-4E07-A27B-F2C575DDB6B9}.Release|Any CPU.Build.0 = Release|Any CPU
		{4F3F0857-A4B1-4E07-A27B-F2C575DDB6B9}.Release|Any CPU.Deploy.0 = Release|Any CPU
	EndGlobalSection
	GlobalSection(SolutionProperties) = preSolution
		HideSolutionNode = FALSE
	EndGlobalSection
	GlobalSection(ExtensibilityGlobals) = postSolution
		SolutionGuid = {4A5CD3EB-238C-4BE6-BF49-D3C6A535EE04}
	EndGlobalSection
EndGlobal
